Microsoft Visual Studio Solution File, Format Version 12.00
# Visual Studio Version 17
VisualStudioVersion = 17.5.2.0
MinimumVisualStudioVersion = 10.0.40219.1
Project("{FAE04EC0-301F-11D3-BF4B-00C04F79EFBC}") = "TravelApi", "TravelApi\TravelApi.csproj", "{5B8F6242-F008-67AA-0521-89F1793BDB7B}"
EndProject
Project("{FAE04EC0-301F-11D3-BF4B-00C04F79EFBC}") = "TravelFrontend", "TravelFrontend\TravelFrontend.csproj", "{632FEBCE-2EF3-4DC7-BF14-D0AFE63262AF}"
EndProject
Global
	GlobalSection(SolutionConfigurationPlatforms) = preSolution
		Debug|Any CPU = Debug|Any CPU
		Release|Any CPU = Release|Any CPU
	EndGlobalSection
	GlobalSection(ProjectConfigurationPlatforms) = postSolution
		{5B8F6242-F008-67AA-0521-89F1793BDB7B}.Debug|Any CPU.ActiveCfg = Debug|Any CPU
		{5B8F6242-F008-67AA-0521-89F1793BDB7B}.Debug|Any CPU.Build.0 = Debug|Any CPU
		{5B8F6242-F008-67AA-0521-89F1793BDB7B}.Release|Any CPU.ActiveCfg = Release|Any CPU
		{5B8F6242-F008-67AA-0521-89F1793BDB7B}.Release|Any CPU.Build.0 = Release|Any CPU
		{632FEBCE-2EF3-4DC7-BF14-D0AFE63262AF}.Debug|Any CPU.ActiveCfg = Debug|Any CPU
		{632FEBCE-2EF3-4DC7-BF14-D0AFE63262AF}.Debug|Any CPU.Build.0 = Debug|Any CPU
		{632FEBCE-2EF3-4DC7-BF14-D0AFE63262AF}.Release|Any CPU.ActiveCfg = Release|Any CPU
		{632FEBCE-2EF3-4DC7-BF14-D0AFE63262AF}.Release|Any CPU.Build.0 = Release|Any CPU
	EndGlobalSection
	GlobalSection(SolutionProperties) = preSolution
		HideSolutionNode = FALSE
	EndGlobalSection
	GlobalSection(ExtensibilityGlobals) = postSolution
		SolutionGuid = {BB1080D1-E4F7-4D11-90F7-4F2EA8634CCC}
	EndGlobalSection
EndGlobal
